
Microsoft Visual Studio Solution File, Format Version 12.00
# Visual Studio Version 17
VisualStudioVersion = 17.0.31903.59
MinimumVisualStudioVersion = 10.0.40219.1
Project("{FAE04EC0-301F-11D3-BF4B-00C04F79EFBC}") = "practice", "practice\practice.csproj", "{09051DD8-3CFD-4EF9-9D19-559ACD09A916}"
EndProject
Global
	GlobalSection(SolutionConfigurationPlatforms) = preSolution
		Debug|Any CPU = Debug|Any CPU
		Release|Any CPU = Release|Any CPU
	EndGlobalSection
	GlobalSection(ProjectConfigurationPlatforms) = postSolution
		{09051DD8-3CFD-4EF9-9D19-559ACD09A916}.Debug|Any CPU.ActiveCfg = Debug|Any CPU
		{09051DD8-3CFD-4EF9-9D19-559ACD09A916}.Debug|Any CPU.Build.0 = Debug|Any CPU
		{09051DD8-3CFD-4EF9-9D19-559ACD09A916}.Release|Any CPU.ActiveCfg = Release|Any CPU
		{09051DD8-3CFD-4EF9-9D19-559ACD09A916}.Release|Any CPU.Build.0 = Release|Any CPU
	EndGlobalSection
	GlobalSection(SolutionProperties) = preSolution
		HideSolutionNode = FALSE
	EndGlobalSection
	GlobalSection(ExtensibilityGlobals) = postSolution
		SolutionGuid = {E506D71B-D1DD-4178-AA0A-F06EAD05CD91}
	EndGlobalSection
EndGlobal
