
Microsoft Visual Studio Solution File, Format Version 12.00
# Visual Studio Version 17
VisualStudioVersion = 17.0.31903.59
MinimumVisualStudioVersion = 10.0.40219.1
Project("{FAE04EC0-301F-11D3-BF4B-00C04F79EFBC}") = "Lab_task_2", "Lab_task_2\Lab_task_2.csproj", "{7D2A0482-14AD-47D7-A0B2-2B409963D8E3}"
EndProject
Global
	GlobalSection(SolutionConfigurationPlatforms) = preSolution
		Debug|Any CPU = Debug|Any CPU
		Release|Any CPU = Release|Any CPU
	EndGlobalSection
	GlobalSection(ProjectConfigurationPlatforms) = postSolution
		{7D2A0482-14AD-47D7-A0B2-2B409963D8E3}.Debug|Any CPU.ActiveCfg = Debug|Any CPU
		{7D2A0482-14AD-47D7-A0B2-2B409963D8E3}.Debug|Any CPU.Build.0 = Debug|Any CPU
		{7D2A0482-14AD-47D7-A0B2-2B409963D8E3}.Release|Any CPU.ActiveCfg = Release|Any CPU
		{7D2A0482-14AD-47D7-A0B2-2B409963D8E3}.Release|Any CPU.Build.0 = Release|Any CPU
	EndGlobalSection
	GlobalSection(SolutionProperties) = preSolution
		HideSolutionNode = FALSE
	EndGlobalSection
	GlobalSection(ExtensibilityGlobals) = postSolution
		SolutionGuid = {69A26F7F-2CD9-40A8-B9CC-CB60D2DF1250}
	EndGlobalSection
EndGlobal
