
Microsoft Visual Studio Solution File, Format Version 12.00
# Visual Studio Version 17
VisualStudioVersion = 17.0.31903.59
MinimumVisualStudioVersion = 10.0.40219.1
Project("{FAE04EC0-301F-11D3-BF4B-00C04F79EFBC}") = "InterfacePractice", "InterfacePractice\InterfacePractice.csproj", "{9A38E3F7-1A1A-4525-B886-F57E98761F46}"
EndProject
Global
	GlobalSection(SolutionConfigurationPlatforms) = preSolution
		Debug|Any CPU = Debug|Any CPU
		Release|Any CPU = Release|Any CPU
	EndGlobalSection
	GlobalSection(ProjectConfigurationPlatforms) = postSolution
		{9A38E3F7-1A1A-4525-B886-F57E98761F46}.Debug|Any CPU.ActiveCfg = Debug|Any CPU
		{9A38E3F7-1A1A-4525-B886-F57E98761F46}.Debug|Any CPU.Build.0 = Debug|Any CPU
		{9A38E3F7-1A1A-4525-B886-F57E98761F46}.Release|Any CPU.ActiveCfg = Release|Any CPU
		{9A38E3F7-1A1A-4525-B886-F57E98761F46}.Release|Any CPU.Build.0 = Release|Any CPU
	EndGlobalSection
	GlobalSection(SolutionProperties) = preSolution
		HideSolutionNode = FALSE
	EndGlobalSection
	GlobalSection(ExtensibilityGlobals) = postSolution
		SolutionGuid = {CE644B89-F2E6-42AD-BB14-3BBD817160CA}
	EndGlobalSection
EndGlobal
