
Microsoft Visual Studio Solution File, Format Version 12.00
# Visual Studio Version 17
VisualStudioVersion = 17.0.31903.59
MinimumVisualStudioVersion = 10.0.40219.1
Project("{FAE04EC0-301F-11D3-BF4B-00C04F79EFBC}") = "Quiz3Practice", "Quiz3Practice\Quiz3Practice.csproj", "{03904EE2-A634-493B-85D1-BE005B52F095}"
EndProject
Global
	GlobalSection(SolutionConfigurationPlatforms) = preSolution
		Debug|Any CPU = Debug|Any CPU
		Release|Any CPU = Release|Any CPU
	EndGlobalSection
	GlobalSection(ProjectConfigurationPlatforms) = postSolution
		{03904EE2-A634-493B-85D1-BE005B52F095}.Debug|Any CPU.ActiveCfg = Debug|Any CPU
		{03904EE2-A634-493B-85D1-BE005B52F095}.Debug|Any CPU.Build.0 = Debug|Any CPU
		{03904EE2-A634-493B-85D1-BE005B52F095}.Release|Any CPU.ActiveCfg = Release|Any CPU
		{03904EE2-A634-493B-85D1-BE005B52F095}.Release|Any CPU.Build.0 = Release|Any CPU
	EndGlobalSection
	GlobalSection(SolutionProperties) = preSolution
		HideSolutionNode = FALSE
	EndGlobalSection
	GlobalSection(ExtensibilityGlobals) = postSolution
		SolutionGuid = {99C4C978-5296-48FB-BD50-DF3485BC2655}
	EndGlobalSection
EndGlobal
