
Microsoft Visual Studio Solution File, Format Version 12.00
# Visual Studio Version 17
VisualStudioVersion = 17.0.31903.59
MinimumVisualStudioVersion = 10.0.40219.1
Project("{FAE04EC0-301F-11D3-BF4B-00C04F79EFBC}") = "PartialPractice", "PartialPractice\PartialPractice.csproj", "{2CD135B7-CAEF-46BC-B7C1-D19E879E080D}"
EndProject
Global
	GlobalSection(SolutionConfigurationPlatforms) = preSolution
		Debug|Any CPU = Debug|Any CPU
		Release|Any CPU = Release|Any CPU
	EndGlobalSection
	GlobalSection(ProjectConfigurationPlatforms) = postSolution
		{2CD135B7-CAEF-46BC-B7C1-D19E879E080D}.Debug|Any CPU.ActiveCfg = Debug|Any CPU
		{2CD135B7-CAEF-46BC-B7C1-D19E879E080D}.Debug|Any CPU.Build.0 = Debug|Any CPU
		{2CD135B7-CAEF-46BC-B7C1-D19E879E080D}.Release|Any CPU.ActiveCfg = Release|Any CPU
		{2CD135B7-CAEF-46BC-B7C1-D19E879E080D}.Release|Any CPU.Build.0 = Release|Any CPU
	EndGlobalSection
	GlobalSection(SolutionProperties) = preSolution
		HideSolutionNode = FALSE
	EndGlobalSection
	GlobalSection(ExtensibilityGlobals) = postSolution
		SolutionGuid = {BA683EBC-9FA1-4F94-B28C-9629719C90F3}
	EndGlobalSection
EndGlobal
