
Microsoft Visual Studio Solution File, Format Version 12.00
# Visual Studio Version 17
VisualStudioVersion = 17.0.31903.59
MinimumVisualStudioVersion = 10.0.40219.1
Project("{FAE04EC0-301F-11D3-BF4B-00C04F79EFBC}") = "lab_09_task3", "lab_09_task3\lab_09_task3.csproj", "{AF71BFA0-F09C-408B-A802-B3A39EFD4057}"
EndProject
Global
	GlobalSection(SolutionConfigurationPlatforms) = preSolution
		Debug|Any CPU = Debug|Any CPU
		Release|Any CPU = Release|Any CPU
	EndGlobalSection
	GlobalSection(ProjectConfigurationPlatforms) = postSolution
		{AF71BFA0-F09C-408B-A802-B3A39EFD4057}.Debug|Any CPU.ActiveCfg = Debug|Any CPU
		{AF71BFA0-F09C-408B-A802-B3A39EFD4057}.Debug|Any CPU.Build.0 = Debug|Any CPU
		{AF71BFA0-F09C-408B-A802-B3A39EFD4057}.Release|Any CPU.ActiveCfg = Release|Any CPU
		{AF71BFA0-F09C-408B-A802-B3A39EFD4057}.Release|Any CPU.Build.0 = Release|Any CPU
	EndGlobalSection
	GlobalSection(SolutionProperties) = preSolution
		HideSolutionNode = FALSE
	EndGlobalSection
	GlobalSection(ExtensibilityGlobals) = postSolution
		SolutionGuid = {3EA6F9EF-611F-493A-978D-64D8B48B73FD}
	EndGlobalSection
EndGlobal
