
Microsoft Visual Studio Solution File, Format Version 12.00
# Visual Studio Version 17
VisualStudioVersion = 17.0.31903.59
MinimumVisualStudioVersion = 10.0.40219.1
Project("{FAE04EC0-301F-11D3-BF4B-00C04F79EFBC}") = "overload", "overload\overload.csproj", "{4E505127-CC52-477D-871D-92C8C39897C9}"
EndProject
Global
	GlobalSection(SolutionConfigurationPlatforms) = preSolution
		Debug|Any CPU = Debug|Any CPU
		Release|Any CPU = Release|Any CPU
	EndGlobalSection
	GlobalSection(ProjectConfigurationPlatforms) = postSolution
		{4E505127-CC52-477D-871D-92C8C39897C9}.Debug|Any CPU.ActiveCfg = Debug|Any CPU
		{4E505127-CC52-477D-871D-92C8C39897C9}.Debug|Any CPU.Build.0 = Debug|Any CPU
		{4E505127-CC52-477D-871D-92C8C39897C9}.Release|Any CPU.ActiveCfg = Release|Any CPU
		{4E505127-CC52-477D-871D-92C8C39897C9}.Release|Any CPU.Build.0 = Release|Any CPU
	EndGlobalSection
	GlobalSection(SolutionProperties) = preSolution
		HideSolutionNode = FALSE
	EndGlobalSection
	GlobalSection(ExtensibilityGlobals) = postSolution
		SolutionGuid = {035E3953-2CDC-4A1E-B1C1-5F07D816F562}
	EndGlobalSection
EndGlobal
