
Microsoft Visual Studio Solution File, Format Version 12.00
# Visual Studio Version 17
VisualStudioVersion = 17.0.31903.59
MinimumVisualStudioVersion = 10.0.40219.1
Project("{FAE04EC0-301F-11D3-BF4B-00C04F79EFBC}") = "overloadTesting", "overloadTesting\overloadTesting.csproj", "{62C9A319-7A5F-4627-8612-E1AC94BE3B82}"
EndProject
Global
	GlobalSection(SolutionConfigurationPlatforms) = preSolution
		Debug|Any CPU = Debug|Any CPU
		Release|Any CPU = Release|Any CPU
	EndGlobalSection
	GlobalSection(ProjectConfigurationPlatforms) = postSolution
		{62C9A319-7A5F-4627-8612-E1AC94BE3B82}.Debug|Any CPU.ActiveCfg = Debug|Any CPU
		{62C9A319-7A5F-4627-8612-E1AC94BE3B82}.Debug|Any CPU.Build.0 = Debug|Any CPU
		{62C9A319-7A5F-4627-8612-E1AC94BE3B82}.Release|Any CPU.ActiveCfg = Release|Any CPU
		{62C9A319-7A5F-4627-8612-E1AC94BE3B82}.Release|Any CPU.Build.0 = Release|Any CPU
	EndGlobalSection
	GlobalSection(SolutionProperties) = preSolution
		HideSolutionNode = FALSE
	EndGlobalSection
	GlobalSection(ExtensibilityGlobals) = postSolution
		SolutionGuid = {82E77DCB-6A2F-4824-B21B-95CC89E83B91}
	EndGlobalSection
EndGlobal
