
Microsoft Visual Studio Solution File, Format Version 12.00
# Visual Studio Version 17
VisualStudioVersion = 17.0.31903.59
MinimumVisualStudioVersion = 10.0.40219.1
Project("{FAE04EC0-301F-11D3-BF4B-00C04F79EFBC}") = "Lab_Task_10", "Lab_Task_10\Lab_Task_10.csproj", "{8D54C4C2-1ED0-4D5B-8FF9-5D65E8069440}"
EndProject
Global
	GlobalSection(SolutionConfigurationPlatforms) = preSolution
		Debug|Any CPU = Debug|Any CPU
		Release|Any CPU = Release|Any CPU
	EndGlobalSection
	GlobalSection(ProjectConfigurationPlatforms) = postSolution
		{8D54C4C2-1ED0-4D5B-8FF9-5D65E8069440}.Debug|Any CPU.ActiveCfg = Debug|Any CPU
		{8D54C4C2-1ED0-4D5B-8FF9-5D65E8069440}.Debug|Any CPU.Build.0 = Debug|Any CPU
		{8D54C4C2-1ED0-4D5B-8FF9-5D65E8069440}.Release|Any CPU.ActiveCfg = Release|Any CPU
		{8D54C4C2-1ED0-4D5B-8FF9-5D65E8069440}.Release|Any CPU.Build.0 = Release|Any CPU
	EndGlobalSection
	GlobalSection(SolutionProperties) = preSolution
		HideSolutionNode = FALSE
	EndGlobalSection
	GlobalSection(ExtensibilityGlobals) = postSolution
		SolutionGuid = {59D32323-FF0C-4719-B627-9F74DCECB753}
	EndGlobalSection
EndGlobal
