
Microsoft Visual Studio Solution File, Format Version 12.00
# Visual Studio Version 17
VisualStudioVersion = 17.0.31903.59
MinimumVisualStudioVersion = 10.0.40219.1
Project("{FAE04EC0-301F-11D3-BF4B-00C04F79EFBC}") = "AverageOfAnynumbers", "AverageOfAnynumbers\AverageOfAnynumbers.csproj", "{68611022-61F2-4F3D-92C4-ADD476CB3297}"
EndProject
Global
	GlobalSection(SolutionConfigurationPlatforms) = preSolution
		Debug|Any CPU = Debug|Any CPU
		Release|Any CPU = Release|Any CPU
	EndGlobalSection
	GlobalSection(ProjectConfigurationPlatforms) = postSolution
		{68611022-61F2-4F3D-92C4-ADD476CB3297}.Debug|Any CPU.ActiveCfg = Debug|Any CPU
		{68611022-61F2-4F3D-92C4-ADD476CB3297}.Debug|Any CPU.Build.0 = Debug|Any CPU
		{68611022-61F2-4F3D-92C4-ADD476CB3297}.Release|Any CPU.ActiveCfg = Release|Any CPU
		{68611022-61F2-4F3D-92C4-ADD476CB3297}.Release|Any CPU.Build.0 = Release|Any CPU
	EndGlobalSection
	GlobalSection(SolutionProperties) = preSolution
		HideSolutionNode = FALSE
	EndGlobalSection
	GlobalSection(ExtensibilityGlobals) = postSolution
		SolutionGuid = {BCAB368D-83E4-433A-90BE-917248F3306C}
	EndGlobalSection
EndGlobal
