
Microsoft Visual Studio Solution File, Format Version 12.00
# Visual Studio Version 17
VisualStudioVersion = 17.0.31903.59
MinimumVisualStudioVersion = 10.0.40219.1
Project("{FAE04EC0-301F-11D3-BF4B-00C04F79EFBC}") = "ExceptionsPractice", "ExceptionsPractice\ExceptionsPractice.csproj", "{FBAE3F3B-8763-4D68-890B-9FCE8C520AC0}"
EndProject
Global
	GlobalSection(SolutionConfigurationPlatforms) = preSolution
		Debug|Any CPU = Debug|Any CPU
		Release|Any CPU = Release|Any CPU
	EndGlobalSection
	GlobalSection(ProjectConfigurationPlatforms) = postSolution
		{FBAE3F3B-8763-4D68-890B-9FCE8C520AC0}.Debug|Any CPU.ActiveCfg = Debug|Any CPU
		{FBAE3F3B-8763-4D68-890B-9FCE8C520AC0}.Debug|Any CPU.Build.0 = Debug|Any CPU
		{FBAE3F3B-8763-4D68-890B-9FCE8C520AC0}.Release|Any CPU.ActiveCfg = Release|Any CPU
		{FBAE3F3B-8763-4D68-890B-9FCE8C520AC0}.Release|Any CPU.Build.0 = Release|Any CPU
	EndGlobalSection
	GlobalSection(SolutionProperties) = preSolution
		HideSolutionNode = FALSE
	EndGlobalSection
	GlobalSection(ExtensibilityGlobals) = postSolution
		SolutionGuid = {9D54BCBB-CCAE-4244-8A57-EE17CF9C1C2F}
	EndGlobalSection
EndGlobal
